
Microsoft Visual Studio Solution File, Format Version 12.00
# Visual Studio 15
VisualStudioVersion = 15.0.27428.2005
MinimumVisualStudioVersion = 10.0.40219.1
Project("{FAE04EC0-301F-11D3-BF4B-00C04F79EFBC}") = "ApiSoft", "ApiSoft\ApiSoft.csproj", "{E1855EEF-13FA-43C5-AF72-67947884A88D}"
EndProject
Project("{FAE04EC0-301F-11D3-BF4B-00C04F79EFBC}") = "CapaDatos", "CapaDatos\CapaDatos.csproj", "{623B47A4-AEA5-4846-AAFA-565703BD2371}"
EndProject
Project("{FAE04EC0-301F-11D3-BF4B-00C04F79EFBC}") = "CapaEntidad", "CapaEntidad\CapaEntidad.csproj", "{512FA760-57CC-43DF-B52D-629CA4FB7319}"
EndProject
Project("{FAE04EC0-301F-11D3-BF4B-00C04F79EFBC}") = "CapaNegocios", "CapaNegocios\CapaNegocios.csproj", "{A0B703A1-E408-404C-928E-4C294E0E6061}"
EndProject
Global
	GlobalSection(SolutionConfigurationPlatforms) = preSolution
		Debug|Any CPU = Debug|Any CPU
		Release|Any CPU = Release|Any CPU
	EndGlobalSection
	GlobalSection(ProjectConfigurationPlatforms) = postSolution
		{E1855EEF-13FA-43C5-AF72-67947884A88D}.Debug|Any CPU.ActiveCfg = Debug|Any CPU
		{E1855EEF-13FA-43C5-AF72-67947884A88D}.Debug|Any CPU.Build.0 = Debug|Any CPU
		{E1855EEF-13FA-43C5-AF72-67947884A88D}.Release|Any CPU.ActiveCfg = Release|Any CPU
		{E1855EEF-13FA-43C5-AF72-67947884A88D}.Release|Any CPU.Build.0 = Release|Any CPU
		{623B47A4-AEA5-4846-AAFA-565703BD2371}.Debug|Any CPU.ActiveCfg = Debug|Any CPU
		{623B47A4-AEA5-4846-AAFA-565703BD2371}.Debug|Any CPU.Build.0 = Debug|Any CPU
		{623B47A4-AEA5-4846-AAFA-565703BD2371}.Release|Any CPU.ActiveCfg = Release|Any CPU
		{623B47A4-AEA5-4846-AAFA-565703BD2371}.Release|Any CPU.Build.0 = Release|Any CPU
		{512FA760-57CC-43DF-B52D-629CA4FB7319}.Debug|Any CPU.ActiveCfg = Debug|Any CPU
		{512FA760-57CC-43DF-B52D-629CA4FB7319}.Debug|Any CPU.Build.0 = Debug|Any CPU
		{512FA760-57CC-43DF-B52D-629CA4FB7319}.Release|Any CPU.ActiveCfg = Release|Any CPU
		{512FA760-57CC-43DF-B52D-629CA4FB7319}.Release|Any CPU.Build.0 = Release|Any CPU
		{A0B703A1-E408-404C-928E-4C294E0E6061}.Debug|Any CPU.ActiveCfg = Debug|Any CPU
		{A0B703A1-E408-404C-928E-4C294E0E6061}.Debug|Any CPU.Build.0 = Debug|Any CPU
		{A0B703A1-E408-404C-928E-4C294E0E6061}.Release|Any CPU.ActiveCfg = Release|Any CPU
		{A0B703A1-E408-404C-928E-4C294E0E6061}.Release|Any CPU.Build.0 = Release|Any CPU
	EndGlobalSection
	GlobalSection(SolutionProperties) = preSolution
		HideSolutionNode = FALSE
	EndGlobalSection
	GlobalSection(ExtensibilityGlobals) = postSolution
		SolutionGuid = {C5DBE5C4-F9DE-4C78-BF37-E1209CB70393}
	EndGlobalSection
EndGlobal
